lockfileVersion: '9.0'

settings:
  autoInstallPeers: true
  excludeLinksFromLockfile: false

importers:

  .:
    dependencies:
      d3-scale:
        specifier: ^4.0.2
        version: 4.0.2
      d3-shape:
        specifier: ^3.2.0
        version: 3.2.0
    devDependencies:
      '@types/d3-scale':
        specifier: ^4.0.9
        version: 4.0.9
      '@types/d3-shape':
        specifier: ^3.1.8
        version: 3.1.8

packages:

  '@types/d3-path@3.1.1':
    resolution: {integrity: sha512-VMZBYyQvbGmWyWVea0EHs/BwLgxc+MKi1zLDCONksozI4YJMcTt8ZEuIR4Sb1MMTE8MMW49v0IwI5+b7RmfWlg==}

  '@types/d3-scale@4.0.9':
    resolution: {integrity: sha512-dLmtwB8zkAeO/juAMfnV+sItKjlsw2lKdZVVy6LRr0cBmegxSABiLEpGVmSJJ8O08i4+sGR6qQtb6WtuwJdvVw==}

  '@types/d3-shape@3.1.8':
    resolution: {integrity: sha512-lae0iWfcDeR7qt7rA88BNiqdvPS5pFVPpo5OfjElwNaT2yyekbM0C9vK+yqBqEmHr6lDkRnYNoTBYlAgJa7a4w==}

  '@types/d3-time@3.0.4':
    resolution: {integrity: sha512-yuzZug1nkAAaBlBBikKZTgzCeA+k1uy4ZFwWANOfKw5z5LRhV0gNA7gNkKm7HoK+HRN0wX3EkxGk0fpbWhmB7g==}

  d3-array@3.2.4:
    resolution: {integrity: sha512-tdQAmyA18i4J7wprpYq8ClcxZy3SC31QMeByyCFyRt7BVHdREQZ5lpzoe5mFEYZUWe+oq8HBvk9JjpibyEV4Jg==}
    engines: {node: '>=12'}

  d3-color@3.1.0:
    resolution: {integrity: sha512-zg/chbXyeBtMQ1LbD/WSoW2DpC3I0mpmPdW+ynRTj/x2DAWYrIY7qeZIHidozwV24m4iavr15lNwIwLxRmOxhA==}
    engines: {node: '>=12'}

  d3-format@3.1.2:
    resolution: {integrity: sha512-AJDdYOdnyRDV5b6ArilzCPPwc1ejkHcoyFarqlPqT7zRYjhavcT3uSrqcMvsgh2CgoPbK3RCwyHaVyxYcP2Arg==}
    engines: {node: '>=12'}

  d3-interpolate@3.0.1:
    resolution: {integrity: sha512-3bYs1rOD33uo8aqJfKP3JWPAibgw8Zm2+L9vBKEHJ2Rg+viTR7o5Mmv5mZcieN+FRYaAOWX5SJATX6k1PWz72g==}
    engines: {node: '>=12'}

  d3-path@3.1.0:
    resolution: {integrity: sha512-p3KP5HCf/bvjBSSKuXid6Zqijx7wIfNW+J/maPs+iwR35at5JCbLUT0LzF1cnjbCHWhqzQTIN2Jpe8pRebIEFQ==}
    engines: {node: '>=12'}

  d3-scale@4.0.2:
    resolution: {integrity: sha512-GZW464g1SH7ag3Y7hXjf8RoUuAFIqklOAq3MRl4OaWabTFJY9PN/E1YklhXLh+OQ3fM9yS2nOkCoS+WLZ6kvxQ==}
    engines: {node: '>=12'}

  d3-shape@3.2.0:
    resolution: {integrity: sha512-SaLBuwGm3MOViRq2ABk3eLoxwZELpH6zhl3FbAoJ7Vm1gofKx6El1Ib5z23NUEhF9AsGl7y+dzLe5Cw2AArGTA==}
    engines: {node: '>=12'}

  d3-time-format@4.1.0:
    resolution: {integrity: sha512-dJxPBlzC7NugB2PDLwo9Q8JiTR3M3e4/XANkreKSUxF8vvXKqm1Yfq4Q5dl8budlunRVlUUaDUgFt7eA8D6NLg==}
    engines: {node: '>=12'}

  d3-time@3.1.0:
    resolution: {integrity: sha512-VqKjzBLejbSMT4IgbmVgDjpkYrNWUYJnbCGo874u7MMKIWsILRX+OpX/gTk8MqjpT1A/c6HY2dCA77ZN0lkQ2Q==}
    engines: {node: '>=12'}

  internmap@2.0.3:
    resolution: {integrity: sha512-5Hh7Y1wQbvY5ooGgPbDaL5iYLAPzMTUrjMulskHLH6wnv/A+1q5rgEaiuqEjB+oxGXIVZs1FF+R/KPN3ZSQYYg==}
    engines: {node: '>=12'}

snapshots:

  '@types/d3-path@3.1.1': {}

  '@types/d3-scale@4.0.9':
    dependencies:
      '@types/d3-time': 3.0.4

  '@types/d3-shape@3.1.8':
    dependencies:
      '@types/d3-path': 3.1.1

  '@types/d3-time@3.0.4': {}

  d3-array@3.2.4:
    dependencies:
      internmap: 2.0.3

  d3-color@3.1.0: {}

  d3-format@3.1.2: {}

  d3-interpolate@3.0.1:
    dependencies:
      d3-color: 3.1.0

  d3-path@3.1.0: {}

  d3-scale@4.0.2:
    dependencies:
      d3-array: 3.2.4
      d3-format: 3.1.2
      d3-interpolate: 3.0.1
      d3-time: 3.1.0
      d3-time-format: 4.1.0

  d3-shape@3.2.0:
    dependencies:
      d3-path: 3.1.0

  d3-time-format@4.1.0:
    dependencies:
      d3-time: 3.1.0

  d3-time@3.1.0:
    dependencies:
      d3-array: 3.2.4

  internmap@2.0.3: {}
